
Microsoft Visual Studio Solution File, Format Version 12.00
# Visual Studio Version 16
VisualStudioVersion = 16.0.29102.190
MinimumVisualStudioVersion = 10.0.40219.1
Project("{FAE04EC0-301F-11D3-BF4B-00C04F79EFBC}") = "MoneyBoxProject", "MoneyBoxProject.csproj", "{63A52C8F-38D0-468D-B8D0-41CECACC4B5F}"
EndProject
Global
	GlobalSection(SolutionConfigurationPlatforms) = preSolution
		Debug|Any CPU = Debug|Any CPU
		Release|Any CPU = Release|Any CPU
	EndGlobalSection
	GlobalSection(ProjectConfigurationPlatforms) = postSolution
		{63A52C8F-38D0-468D-B8D0-41CECACC4B5F}.Debug|Any CPU.ActiveCfg = Debug|Any CPU
		{63A52C8F-38D0-468D-B8D0-41CECACC4B5F}.Debug|Any CPU.Build.0 = Debug|Any CPU
		{63A52C8F-38D0-468D-B8D0-41CECACC4B5F}.Release|Any CPU.ActiveCfg = Release|Any CPU
		{63A52C8F-38D0-468D-B8D0-41CECACC4B5F}.Release|Any CPU.Build.0 = Release|Any CPU
	EndGlobalSection
	GlobalSection(SolutionProperties) = preSolution
		HideSolutionNode = FALSE
	EndGlobalSection
	GlobalSection(ExtensibilityGlobals) = postSolution
		SolutionGuid = {B78BB2C6-0CFA-47D6-A303-52FD5342A330}
	EndGlobalSection
EndGlobal
